
Microsoft Visual Studio Solution File, Format Version 12.00
# Visual Studio Version 17
VisualStudioVersion = 17.3.32929.385
MinimumVisualStudioVersion = 10.0.40219.1
Project("{FAE04EC0-301F-11D3-BF4B-00C04F79EFBC}") = "ScoreSaber-Deobfuscator", "ScoreSaber-Deobfuscator\ScoreSaber-Deobfuscator.csproj", "{F6099538-AAD3-41B7-A874-9D0FCF2CE55C}"
EndProject
Global
	GlobalSection(SolutionConfigurationPlatforms) = preSolution
		Debug|Any CPU = Debug|Any CPU
		Release|Any CPU = Release|Any CPU
	EndGlobalSection
	GlobalSection(ProjectConfigurationPlatforms) = postSolution
		{F6099538-AAD3-41B7-A874-9D0FCF2CE55C}.Debug|Any CPU.ActiveCfg = Debug|Any CPU
		{F6099538-AAD3-41B7-A874-9D0FCF2CE55C}.Debug|Any CPU.Build.0 = Debug|Any CPU
		{F6099538-AAD3-41B7-A874-9D0FCF2CE55C}.Release|Any CPU.ActiveCfg = Release|Any CPU
		{F6099538-AAD3-41B7-A874-9D0FCF2CE55C}.Release|Any CPU.Build.0 = Release|Any CPU
	EndGlobalSection
	GlobalSection(SolutionProperties) = preSolution
		HideSolutionNode = FALSE
	EndGlobalSection
	GlobalSection(ExtensibilityGlobals) = postSolution
		SolutionGuid = {9402DB93-9719-4DC1-8CCE-BC94BA0904FA}
	EndGlobalSection
EndGlobal
